// !$*UTF8*$!
{
	archiveVersion = 1;
	classes = {
	};
	objectVersion = 46;
	objects = {

/* Begin PBXBuildFile section */
		FA6952DB16F5710A0017453E /* UIKit.framework in Frameworks */ = {isa = PBXBuildFile; fileRef = FA6952DA16F5710A0017453E /* UIKit.framework */; };
		FA6952DD16F5710A0017453E /* Foundation.framework in Frameworks */ = {isa = PBXBuildFile; fileRef = FA6952DC16F5710A0017453E /* Foundation.framework */; };
		FA6952DF16F5710A0017453E /* CoreGraphics.framework in Frameworks */ = {isa = PBXBuildFile; fileRef = FA6952DE16F5710A0017453E /* CoreGraphics.framework */; };
		FA6952E516F5710A0017453E /* InfoPlist.strings in Resources */ = {isa = PBXBuildFile; fileRef = FA6952E316F5710A0017453E /* InfoPlist.strings */; };
		FA6952E716F5710A0017453E /* main.m in Sources */ = {isa = PBXBuildFile; fileRef = FA6952E616F5710A0017453E /* main.m */; };
		FA6952EB16F5710A0017453E /* EPYCAppDelegate.m in Sources */ = {isa = PBXBuildFile; fileRef = FA6952EA16F5710A0017453E /* EPYCAppDelegate.m */; };
		FA6952ED16F5710A0017453E /* Default.png in Resources */ = {isa = PBXBuildFile; fileRef = FA6952EC16F5710A0017453E /* Default.png */; };
		FA6952EF16F5710A0017453E /* Default@2x.png in Resources */ = {isa = PBXBuildFile; fileRef = FA6952EE16F5710A0017453E /* Default@2x.png */; };
		FA6952F116F5710A0017453E /* Default-568h@2x.png in Resources */ = {isa = PBXBuildFile; fileRef = FA6952F016F5710A0017453E /* Default-568h@2x.png */; };
		FA6952F416F5710A0017453E /* MainStoryboard_iPhone.storyboard in Resources */ = {isa = PBXBuildFile; fileRef = FA6952F216F5710A0017453E /* MainStoryboard_iPhone.storyboard */; };
		FA6952F716F5710A0017453E /* MainStoryboard_iPad.storyboard in Resources */ = {isa = PBXBuildFile; fileRef = FA6952F516F5710A0017453E /* MainStoryboard_iPad.storyboard */; };
		FA6952FA16F5710A0017453E /* EPYCViewController.m in Sources */ = {isa = PBXBuildFile; fileRef = FA6952F916F5710A0017453E /* EPYCViewController.m */; };
		FA69530216F5710A0017453E /* SenTestingKit.framework in Frameworks */ = {isa = PBXBuildFile; fileRef = FA69530116F5710A0017453E /* SenTestingKit.framework */; };
		FA69530316F5710A0017453E /* UIKit.framework in Frameworks */ = {isa = PBXBuildFile; fileRef = FA6952DA16F5710A0017453E /* UIKit.framework */; };
		FA69530416F5710A0017453E /* Foundation.framework in Frameworks */ = {isa = PBXBuildFile; fileRef = FA6952DC16F5710A0017453E /* Foundation.framework */; };
		FA69530C16F5710A0017453E /* InfoPlist.strings in Resources */ = {isa = PBXBuildFile; fileRef = FA69530A16F5710A0017453E /* InfoPlist.strings */; };
		FA69530F16F5710A0017453E /* EPYCTests.m in Sources */ = {isa = PBXBuildFile; fileRef = FA69530E16F5710A0017453E /* EPYCTests.m */; };
		FABEA18616FE8B7900780A71 /* CoreData.framework in Frameworks */ = {isa = PBXBuildFile; fileRef = FABEA18516FE8B7900780A71 /* CoreData.framework */; };
		FABEA18916FE8C2700780A71 /* Phrase.xcdatamodeld in Sources */ = {isa = PBXBuildFile; fileRef = FABEA18716FE8C2700780A71 /* Phrase.xcdatamodeld */; };
		FABEA18A16FE8C2700780A71 /* Phrase.xcdatamodeld in Sources */ = {isa = PBXBuildFile; fileRef = FABEA18716FE8C2700780A71 /* Phrase.xcdatamodeld */; };
		FABEA1E416FFCEBF00780A71 /* Phrase.m in Sources */ = {isa = PBXBuildFile; fileRef = FABEA1E316FFCEBF00780A71 /* Phrase.m */; };
		FABEA1E516FFCEBF00780A71 /* Phrase.m in Sources */ = {isa = PBXBuildFile; fileRef = FABEA1E316FFCEBF00780A71 /* Phrase.m */; };
/* End PBXBuildFile section */

/* Begin PBXContainerItemProxy section */
		FA69530516F5710A0017453E /* PBXContainerItemProxy */ = {
			isa = PBXContainerItemProxy;
			containerPortal = FA6952CF16F5710A0017453E /* Project object */;
			proxyType = 1;
			remoteGlobalIDString = FA6952D616F5710A0017453E;
			remoteInfo = EPYC;
		};
/* End PBXContainerItemProxy section */

/* Begin PBXFileReference section */
		FA6952D716F5710A0017453E /* EPYC.app */ = {isa = PBXFileReference; explicitFileType = wrapper.application; includeInIndex = 0; path = EPYC.app; sourceTree = BUILT_PRODUCTS_DIR; };
		FA6952DA16F5710A0017453E /* UIKit.framework */ = {isa = PBXFileReference; lastKnownFileType = wrapper.framework; name = UIKit.framework; path = System/Library/Frameworks/UIKit.framework; sourceTree = SDKROOT; };
		FA6952DC16F5710A0017453E /* Foundation.framework */ = {isa = PBXFileReference; lastKnownFileType = wrapper.framework; name = Foundation.framework; path = System/Library/Frameworks/Foundation.framework; sourceTree = SDKROOT; };
		FA6952DE16F5710A0017453E /* CoreGraphics.framework */ = {isa = PBXFileReference; lastKnownFileType = wrapper.framework; name = CoreGraphics.framework; path = System/Library/Frameworks/CoreGraphics.framework; sourceTree = SDKROOT; };
		FA6952E216F5710A0017453E /* EPYC-Info.plist */ = {isa = PBXFileReference; lastKnownFileType = text.plist.xml; path = "EPYC-Info.plist"; sourceTree = "<group>"; };
		FA6952E416F5710A0017453E /* en */ = {isa = PBXFileReference; lastKnownFileType = text.plist.strings; name = en; path = en.lproj/InfoPlist.strings; sourceTree = "<group>"; };
		FA6952E616F5710A0017453E /* main.m */ = {isa = PBXFileReference; lastKnownFileType = sourcecode.c.objc; path = main.m; sourceTree = "<group>"; };
		FA6952E816F5710A0017453E /* EPYC-Prefix.pch */ = {isa = PBXFileReference; lastKnownFileType = sourcecode.c.h; path = "EPYC-Prefix.pch"; sourceTree = "<group>"; };
		FA6952E916F5710A0017453E /* EPYCAppDelegate.h */ = {isa = PBXFileReference; lastKnownFileType = sourcecode.c.h; path = EPYCAppDelegate.h; sourceTree = "<group>"; };
		FA6952EA16F5710A0017453E /* EPYCAppDelegate.m */ = {isa = PBXFileReference; lastKnownFileType = sourcecode.c.objc; path = EPYCAppDelegate.m; sourceTree = "<group>"; };
		FA6952EC16F5710A0017453E /* Default.png */ = {isa = PBXFileReference; lastKnownFileType = image.png; path = Default.png; sourceTree = "<group>"; };
		FA6952EE16F5710A0017453E /* Default@2x.png */ = {isa = PBXFileReference; lastKnownFileType = image.png; path = "Default@2x.png"; sourceTree = "<group>"; };
		FA6952F016F5710A0017453E /* Default-568h@2x.png */ = {isa = PBXFileReference; lastKnownFileType = image.png; path = "Default-568h@2x.png"; sourceTree = "<group>"; };
		FA6952F316F5710A0017453E /* en */ = {isa = PBXFileReference; lastKnownFileType = file.storyboard; name = en; path = en.lproj/MainStoryboard_iPhone.storyboard; sourceTree = "<group>"; };
		FA6952F616F5710A0017453E /* en */ = {isa = PBXFileReference; lastKnownFileType = file.storyboard; name = en; path = en.lproj/MainStoryboard_iPad.storyboard; sourceTree = "<group>"; };
		FA6952F816F5710A0017453E /* EPYCViewController.h */ = {isa = PBXFileReference; lastKnownFileType = sourcecode.c.h; path = EPYCViewController.h; sourceTree = "<group>"; };
		FA6952F916F5710A0017453E /* EPYCViewController.m */ = {isa = PBXFileReference; lastKnownFileType = sourcecode.c.objc; path = EPYCViewController.m; sourceTree = "<group>"; };
		FA69530016F5710A0017453E /* EPYCTests.octest */ = {isa = PBXFileReference; explicitFileType = wrapper.cfbundle; includeInIndex = 0; path = EPYCTests.octest; sourceTree = BUILT_PRODUCTS_DIR; };
		FA69530116F5710A0017453E /* SenTestingKit.framework */ = {isa = PBXFileReference; lastKnownFileType = wrapper.framework; name = SenTestingKit.framework; path = Library/Frameworks/SenTestingKit.framework; sourceTree = DEVELOPER_DIR; };
		FA69530916F5710A0017453E /* EPYCTests-Info.plist */ = {isa = PBXFileReference; lastKnownFileType = text.plist.xml; path = "EPYCTests-Info.plist"; sourceTree = "<group>"; };
		FA69530B16F5710A0017453E /* en */ = {isa = PBXFileReference; lastKnownFileType = text.plist.strings; name = en; path = en.lproj/InfoPlist.strings; sourceTree = "<group>"; };
		FA69530D16F5710A0017453E /* EPYCTests.h */ = {isa = PBXFileReference; lastKnownFileType = sourcecode.c.h; path = EPYCTests.h; sourceTree = "<group>"; };
		FA69530E16F5710A0017453E /* EPYCTests.m */ = {isa = PBXFileReference; lastKnownFileType = sourcecode.c.objc; path = EPYCTests.m; sourceTree = "<group>"; };
		FABEA18516FE8B7900780A71 /* CoreData.framework */ = {isa = PBXFileReference; lastKnownFileType = wrapper.framework; name = CoreData.framework; path = System/Library/Frameworks/CoreData.framework; sourceTree = SDKROOT; };
		FABEA18816FE8C2700780A71 /* Phrase.xcdatamodel */ = {isa = PBXFileReference; lastKnownFileType = wrapper.xcdatamodel; path = Phrase.xcdatamodel; sourceTree = "<group>"; };
		FABEA1E216FFCEBF00780A71 /* Phrase.h */ = {isa = PBXFileReference; fileEncoding = 4; lastKnownFileType = sourcecode.c.h; name = Phrase.h; path = ../Phrase.h; sourceTree = "<group>"; };
		FABEA1E316FFCEBF00780A71 /* Phrase.m */ = {isa = PBXFileReference; fileEncoding = 4; lastKnownFileType = sourcecode.c.objc; name = Phrase.m; path = ../Phrase.m; sourceTree = "<group>"; };
/* End PBXFileReference section */

/* Begin PBXFrameworksBuildPhase section */
		FA6952D416F5710A0017453E /* Frameworks */ = {
			isa = PBXFrameworksBuildPhase;
			buildActionMask = 2147483647;
			files = (
				FABEA18616FE8B7900780A71 /* CoreData.framework in Frameworks */,
				FA6952DB16F5710A0017453E /* UIKit.framework in Frameworks */,
				FA6952DD16F5710A0017453E /* Foundation.framework in Frameworks */,
				FA6952DF16F5710A0017453E /* CoreGraphics.framework in Frameworks */,
			);
			runOnlyForDeploymentPostprocessing = 0;
		};
		FA6952FC16F5710A0017453E /* Frameworks */ = {
			isa = PBXFrameworksBuildPhase;
			buildActionMask = 2147483647;
			files = (
				FA69530216F5710A0017453E /* SenTestingKit.framework in Frameworks */,
				FA69530316F5710A0017453E /* UIKit.framework in Frameworks */,
				FA69530416F5710A0017453E /* Foundation.framework in Frameworks */,
			);
			runOnlyForDeploymentPostprocessing = 0;
		};
/* End PBXFrameworksBuildPhase section */

/* Begin PBXGroup section */
		FA6952CE16F5710A0017453E = {
			isa = PBXGroup;
			children = (
				FABEA18516FE8B7900780A71 /* CoreData.framework */,
				FA6952E016F5710A0017453E /* EPYC */,
				FA69530716F5710A0017453E /* EPYCTests */,
				FA6952D916F5710A0017453E /* Frameworks */,
				FA6952D816F5710A0017453E /* Products */,
			);
			sourceTree = "<group>";
		};
		FA6952D816F5710A0017453E /* Products */ = {
			isa = PBXGroup;
			children = (
				FA6952D716F5710A0017453E /* EPYC.app */,
				FA69530016F5710A0017453E /* EPYCTests.octest */,
			);
			name = Products;
			sourceTree = "<group>";
		};
		FA6952D916F5710A0017453E /* Frameworks */ = {
			isa = PBXGroup;
			children = (
				FA6952DA16F5710A0017453E /* UIKit.framework */,
				FA6952DC16F5710A0017453E /* Foundation.framework */,
				FA6952DE16F5710A0017453E /* CoreGraphics.framework */,
				FA69530116F5710A0017453E /* SenTestingKit.framework */,
			);
			name = Frameworks;
			sourceTree = "<group>";
		};
		FA6952E016F5710A0017453E /* EPYC */ = {
			isa = PBXGroup;
			children = (
				FABEA18716FE8C2700780A71 /* Phrase.xcdatamodeld */,
				FABEA1E216FFCEBF00780A71 /* Phrase.h */,
				FABEA1E316FFCEBF00780A71 /* Phrase.m */,
				FA6952EA16F5710A0017453E /* EPYCAppDelegate.m */,
				FA6952E916F5710A0017453E /* EPYCAppDelegate.h */,
				FA6952F216F5710A0017453E /* MainStoryboard_iPhone.storyboard */,
				FA6952F516F5710A0017453E /* MainStoryboard_iPad.storyboard */,
				FA6952F816F5710A0017453E /* EPYCViewController.h */,
				FA6952F916F5710A0017453E /* EPYCViewController.m */,
				FA6952E116F5710A0017453E /* Supporting Files */,
			);
			path = EPYC;
			sourceTree = "<group>";
		};
		FA6952E116F5710A0017453E /* Supporting Files */ = {
			isa = PBXGroup;
			children = (
				FA6952E216F5710A0017453E /* EPYC-Info.plist */,
				FA6952E316F5710A0017453E /* InfoPlist.strings */,
				FA6952E616F5710A0017453E /* main.m */,
				FA6952E816F5710A0017453E /* EPYC-Prefix.pch */,
				FA6952EC16F5710A0017453E /* Default.png */,
				FA6952EE16F5710A0017453E /* Default@2x.png */,
				FA6952F016F5710A0017453E /* Default-568h@2x.png */,
			);
			name = "Supporting Files";
			sourceTree = "<group>";
		};
		FA69530716F5710A0017453E /* EPYCTests */ = {
			isa = PBXGroup;
			children = (
				FA69530D16F5710A0017453E /* EPYCTests.h */,
				FA69530E16F5710A0017453E /* EPYCTests.m */,
				FA69530816F5710A0017453E /* Supporting Files */,
			);
			path = EPYCTests;
			sourceTree = "<group>";
		};
		FA69530816F5710A0017453E /* Supporting Files */ = {
			isa = PBXGroup;
			children = (
				FA69530916F5710A0017453E /* EPYCTests-Info.plist */,
				FA69530A16F5710A0017453E /* InfoPlist.strings */,
			);
			name = "Supporting Files";
			sourceTree = "<group>";
		};
/* End PBXGroup section */

/* Begin PBXNativeTarget section */
		FA6952D616F5710A0017453E /* EPYC */ = {
			isa = PBXNativeTarget;
			buildConfigurationList = FA69531216F5710A0017453E /* Build configuration list for PBXNativeTarget "EPYC" */;
			buildPhases = (
				FA6952D316F5710A0017453E /* Sources */,
				FA6952D416F5710A0017453E /* Frameworks */,
				FA6952D516F5710A0017453E /* Resources */,
			);
			buildRules = (
			);
			dependencies = (
			);
			name = EPYC;
			productName = EPYC;
			productReference = FA6952D716F5710A0017453E /* EPYC.app */;
			productType = "com.apple.product-type.application";
		};
		FA6952FF16F5710A0017453E /* EPYCTests */ = {
			isa = PBXNativeTarget;
			buildConfigurationList = FA69531516F5710A0017453E /* Build configuration list for PBXNativeTarget "EPYCTests" */;
			buildPhases = (
				FA6952FB16F5710A0017453E /* Sources */,
				FA6952FC16F5710A0017453E /* Frameworks */,
				FA6952FD16F5710A0017453E /* Resources */,
				FA6952FE16F5710A0017453E /* ShellScript */,
			);
			buildRules = (
			);
			dependencies = (
				FA69530616F5710A0017453E /* PBXTargetDependency */,
			);
			name = EPYCTests;
			productName = EPYCTests;
			productReference = FA69530016F5710A0017453E /* EPYCTests.octest */;
			productType = "com.apple.product-type.bundle";
		};
/* End PBXNativeTarget section */

/* Begin PBXProject section */
		FA6952CF16F5710A0017453E /* Project object */ = {
			isa = PBXProject;
			attributes = {
				CLASSPREFIX = EPYC;
				LastUpgradeCheck = 0460;
				ORGANIZATIONNAME = Emberex;
			};
			buildConfigurationList = FA6952D216F5710A0017453E /* Build configuration list for PBXProject "EPYC" */;
			compatibilityVersion = "Xcode 3.2";
			developmentRegion = English;
			hasScannedForEncodings = 0;
			knownRegions = (
				en,
			);
			mainGroup = FA6952CE16F5710A0017453E;
			productRefGroup = FA6952D816F5710A0017453E /* Products */;
			projectDirPath = "";
			projectRoot = "";
			targets = (
				FA6952D616F5710A0017453E /* EPYC */,
				FA6952FF16F5710A0017453E /* EPYCTests */,
			);
		};
/* End PBXProject section */

/* Begin PBXResourcesBuildPhase section */
		FA6952D516F5710A0017453E /* Resources */ = {
			isa = PBXResourcesBuildPhase;
			buildActionMask = 2147483647;
			files = (
				FA6952E516F5710A0017453E /* InfoPlist.strings in Resources */,
				FA6952ED16F5710A0017453E /* Default.png in Resources */,
				FA6952EF16F5710A0017453E /* Default@2x.png in Resources */,
				FA6952F116F5710A0017453E /* Default-568h@2x.png in Resources */,
				FA6952F416F5710A0017453E /* MainStoryboard_iPhone.storyboard in Resources */,
				FA6952F716F5710A0017453E /* MainStoryboard_iPad.storyboard in Resources */,
			);
			runOnlyForDeploymentPostprocessing = 0;
		};
		FA6952FD16F5710A0017453E /* Resources */ = {
			isa = PBXResourcesBuildPhase;
			buildActionMask = 2147483647;
			files = (
				FA69530C16F5710A0017453E /* InfoPlist.strings in Resources */,
			);
			runOnlyForDeploymentPostprocessing = 0;
		};
/* End PBXResourcesBuildPhase section */

/* Begin PBXShellScriptBuildPhase section */
		FA6952FE16F5710A0017453E /* ShellScript */ = {
			isa = PBXShellScriptBuildPhase;
			buildActionMask = 2147483647;
			files = (
			);
			inputPaths = (
			);
			outputPaths = (
			);
			runOnlyForDeploymentPostprocessing = 0;
			shellPath = /bin/sh;
			shellScript = "# Run the unit tests in this test bundle.\n\"${SYSTEM_DEVELOPER_DIR}/Tools/RunUnitTests\"\n";
		};
/* End PBXShellScriptBuildPhase section */

/* Begin PBXSourcesBuildPhase section */
		FA6952D316F5710A0017453E /* Sources */ = {
			isa = PBXSourcesBuildPhase;
			buildActionMask = 2147483647;
			files = (
				FA6952E716F5710A0017453E /* main.m in Sources */,
				FA6952EB16F5710A0017453E /* EPYCAppDelegate.m in Sources */,
				FA6952FA16F5710A0017453E /* EPYCViewController.m in Sources */,
				FABEA18916FE8C2700780A71 /* Phrase.xcdatamodeld in Sources */,
				FABEA1E416FFCEBF00780A71 /* Phrase.m in Sources */,
			);
			runOnlyForDeploymentPostprocessing = 0;
		};
		FA6952FB16F5710A0017453E /* Sources */ = {
			isa = PBXSourcesBuildPhase;
			buildActionMask = 2147483647;
			files = (
				FA69530F16F5710A0017453E /* EPYCTests.m in Sources */,
				FABEA18A16FE8C2700780A71 /* Phrase.xcdatamodeld in Sources */,
				FABEA1E516FFCEBF00780A71 /* Phrase.m in Sources */,
			);
			runOnlyForDeploymentPostprocessing = 0;
		};
/* End PBXSourcesBuildPhase section */

/* Begin PBXTargetDependency section */
		FA69530616F5710A0017453E /* PBXTargetDependency */ = {
			isa = PBXTargetDependency;
			target = FA6952D616F5710A0017453E /* EPYC */;
			targetProxy = FA69530516F5710A0017453E /* PBXContainerItemProxy */;
		};
/* End PBXTargetDependency section */

/* Begin PBXVariantGroup section */
		FA6952E316F5710A0017453E /* InfoPlist.strings */ = {
			isa = PBXVariantGroup;
			children = (
				FA6952E416F5710A0017453E /* en */,
			);
			name = InfoPlist.strings;
			sourceTree = "<group>";
		};
		FA6952F216F5710A0017453E /* MainStoryboard_iPhone.storyboard */ = {
			isa = PBXVariantGroup;
			children = (
				FA6952F316F5710A0017453E /* en */,
			);
			name = MainStoryboard_iPhone.storyboard;
			sourceTree = "<group>";
		};
		FA6952F516F5710A0017453E /* MainStoryboard_iPad.storyboard */ = {
			isa = PBXVariantGroup;
			children = (
				FA6952F616F5710A0017453E /* en */,
			);
			name = MainStoryboard_iPad.storyboard;
			sourceTree = "<group>";
		};
		FA69530A16F5710A0017453E /* InfoPlist.strings */ = {
			isa = PBXVariantGroup;
			children = (
				FA69530B16F5710A0017453E /* en */,
			);
			name = InfoPlist.strings;
			sourceTree = "<group>";
		};
/* End PBXVariantGroup section */

/* Begin XCBuildConfiguration section */
		FA69531016F5710A0017453E /* Debug */ = {
			isa = XCBuildConfiguration;
			buildSettings = {
				ALWAYS_SEARCH_USER_PATHS = NO;
				CLANG_CXX_LANGUAGE_STANDARD = "gnu++0x";
				CLANG_CXX_LIBRARY = "libc++";
				CLANG_ENABLE_OBJC_ARC = YES;
				CLANG_WARN_CONSTANT_CONVERSION = YES;
				CLANG_WARN_EMPTY_BODY = YES;
				CLANG_WARN_ENUM_CONVERSION = YES;
				CLANG_WARN_INT_CONVERSION = YES;
				CLANG_WARN__DUPLICATE_METHOD_MATCH = YES;
				"CODE_SIGN_IDENTITY[sdk=iphoneos*]" = "iPhone Developer";
				COPY_PHASE_STRIP = NO;
				GCC_C_LANGUAGE_STANDARD = gnu99;
				GCC_DYNAMIC_NO_PIC = NO;
				GCC_OPTIMIZATION_LEVEL = 0;
				GCC_PREPROCESSOR_DEFINITIONS = (
					"DEBUG=1",
					"$(inherited)",
				);
				GCC_SYMBOLS_PRIVATE_EXTERN = NO;
				GCC_WARN_ABOUT_RETURN_TYPE = YES;
				GCC_WARN_UNINITIALIZED_AUTOS = YES;
				GCC_WARN_UNUSED_VARIABLE = YES;
				IPHONEOS_DEPLOYMENT_TARGET = 6.1;
				ONLY_ACTIVE_ARCH = YES;
				SDKROOT = iphoneos;
				TARGETED_DEVICE_FAMILY = "1,2";
			};
			name = Debug;
		};
		FA69531116F5710A0017453E /* Release */ = {
			isa = XCBuildConfiguration;
			buildSettings = {
				ALWAYS_SEARCH_USER_PATHS = NO;
				CLANG_CXX_LANGUAGE_STANDARD = "gnu++0x";
				CLANG_CXX_LIBRARY = "libc++";
				CLANG_ENABLE_OBJC_ARC = YES;
				CLANG_WARN_CONSTANT_CONVERSION = YES;
				CLANG_WARN_EMPTY_BODY = YES;
				CLANG_WARN_ENUM_CONVERSION = YES;
				CLANG_WARN_INT_CONVERSION = YES;
				CLANG_WARN__DUPLICATE_METHOD_MATCH = YES;
				"CODE_SIGN_IDENTITY[sdk=iphoneos*]" = "iPhone Developer";
				COPY_PHASE_STRIP = YES;
				GCC_C_LANGUAGE_STANDARD = gnu99;
				GCC_WARN_ABOUT_RETURN_TYPE = YES;
				GCC_WARN_UNINITIALIZED_AUTOS = YES;
				GCC_WARN_UNUSED_VARIABLE = YES;
				IPHONEOS_DEPLOYMENT_TARGET = 6.1;
				OTHER_CFLAGS = "-DNS_BLOCK_ASSERTIONS=1";
				SDKROOT = iphoneos;
				TARGETED_DEVICE_FAMILY = "1,2";
				VALIDATE_PRODUCT = YES;
			};
			name = Release;
		};
		FA69531316F5710A0017453E /* Debug */ = {
			isa = XCBuildConfiguration;
			buildSettings = {
				GCC_PRECOMPILE_PREFIX_HEADER = YES;
				GCC_PREFIX_HEADER = "EPYC/EPYC-Prefix.pch";
				INFOPLIST_FILE = "EPYC/EPYC-Info.plist";
				PRODUCT_NAME = "$(TARGET_NAME)";
				WRAPPER_EXTENSION = app;
			};
			name = Debug;
		};
		FA69531416F5710A0017453E /* Release */ = {
			isa = XCBuildConfiguration;
			buildSettings = {
				GCC_PRECOMPILE_PREFIX_HEADER = YES;
				GCC_PREFIX_HEADER = "EPYC/EPYC-Prefix.pch";
				INFOPLIST_FILE = "EPYC/EPYC-Info.plist";
				PRODUCT_NAME = "$(TARGET_NAME)";
				WRAPPER_EXTENSION = app;
			};
			name = Release;
		};
		FA69531616F5710A0017453E /* Debug */ = {
			isa = XCBuildConfiguration;
			buildSettings = {
				BUNDLE_LOADER = "$(BUILT_PRODUCTS_DIR)/EPYC.app/EPYC";
				FRAMEWORK_SEARCH_PATHS = (
					"\"$(SDKROOT)/Developer/Library/Frameworks\"",
					"\"$(DEVELOPER_LIBRARY_DIR)/Frameworks\"",
				);
				GCC_PRECOMPILE_PREFIX_HEADER = YES;
				GCC_PREFIX_HEADER = "EPYC/EPYC-Prefix.pch";
				INFOPLIST_FILE = "EPYCTests/EPYCTests-Info.plist";
				PRODUCT_NAME = "$(TARGET_NAME)";
				TEST_HOST = "$(BUNDLE_LOADER)";
				WRAPPER_EXTENSION = octest;
			};
			name = Debug;
		};
		FA69531716F5710A0017453E /* Release */ = {
			isa = XCBuildConfiguration;
			buildSettings = {
				BUNDLE_LOADER = "$(BUILT_PRODUCTS_DIR)/EPYC.app/EPYC";
				FRAMEWORK_SEARCH_PATHS = (
					"\"$(SDKROOT)/Developer/Library/Frameworks\"",
					"\"$(DEVELOPER_LIBRARY_DIR)/Frameworks\"",
				);
				GCC_PRECOMPILE_PREFIX_HEADER = YES;
				GCC_PREFIX_HEADER = "EPYC/EPYC-Prefix.pch";
				INFOPLIST_FILE = "EPYCTests/EPYCTests-Info.plist";
				PRODUCT_NAME = "$(TARGET_NAME)";
				TEST_HOST = "$(BUNDLE_LOADER)";
				WRAPPER_EXTENSION = octest;
			};
			name = Release;
		};
/* End XCBuildConfiguration section */

/* Begin XCConfigurationList section */
		FA6952D216F5710A0017453E /* Build configuration list for PBXProject "EPYC" */ = {
			isa = XCConfigurationList;
			buildConfigurations = (
				FA69531016F5710A0017453E /* Debug */,
				FA69531116F5710A0017453E /* Release */,
			);
			defaultConfigurationIsVisible = 0;
			defaultConfigurationName = Release;
		};
		FA69531216F5710A0017453E /* Build configuration list for PBXNativeTarget "EPYC" */ = {
			isa = XCConfigurationList;
			buildConfigurations = (
				FA69531316F5710A0017453E /* Debug */,
				FA69531416F5710A0017453E /* Release */,
			);
			defaultConfigurationIsVisible = 0;
			defaultConfigurationName = Release;
		};
		FA69531516F5710A0017453E /* Build configuration list for PBXNativeTarget "EPYCTests" */ = {
			isa = XCConfigurationList;
			buildConfigurations = (
				FA69531616F5710A0017453E /* Debug */,
				FA69531716F5710A0017453E /* Release */,
			);
			defaultConfigurationIsVisible = 0;
			defaultConfigurationName = Release;
		};
/* End XCConfigurationList section */

/* Begin XCVersionGroup section */
		FABEA18716FE8C2700780A71 /* Phrase.xcdatamodeld */ = {
			isa = XCVersionGroup;
			children = (
				FABEA18816FE8C2700780A71 /* Phrase.xcdatamodel */,
			);
			currentVersion = FABEA18816FE8C2700780A71 /* Phrase.xcdatamodel */;
			name = Phrase.xcdatamodeld;
			path = ../Phrase.xcdatamodeld;
			sourceTree = "<group>";
			versionGroupType = wrapper.xcdatamodel;
		};
/* End XCVersionGroup section */
	};
	rootObject = FA6952CF16F5710A0017453E /* Project object */;
}
